
Microsoft Visual Studio Solution File, Format Version 12.00
# Visual Studio Version 16
VisualStudioVersion = 16.0.28902.138
MinimumVisualStudioVersion = 10.0.40219.1
Project("{2150E333-8FDC-42A3-9474-1A3956D46DE8}") = "CAB", "CAB", "{D8988547-2292-479D-99F6-54A35937888A}"
EndProject
Project("{2150E333-8FDC-42A3-9474-1A3956D46DE8}") = "CAB.Core", "CAB.Core", "{B7245400-CC17-454F-B3CD-7A8801B5E539}"
EndProject
Project("{2150E333-8FDC-42A3-9474-1A3956D46DE8}") = "Example", "Example", "{C1EA36DF-CE87-4C06-A9CC-AE4DCD702867}"
EndProject
Project("{2150E333-8FDC-42A3-9474-1A3956D46DE8}") = "Example.Core", "Example.Core", "{9630EB68-9D06-4C26-89AE-D477A462A8AD}"
EndProject
Project("{FAE04EC0-301F-11D3-BF4B-00C04F79EFBC}") = "BankShell", "QuickStarts\BankTeller\BankShell\BankShell.csproj", "{62B89443-7C08-4753-9C43-F53DABF7549D}"
	ProjectSection(ProjectDependencies) = postProject
		{5461523C-4DCE-4672-BC72-7F0C99501F43} = {5461523C-4DCE-4672-BC72-7F0C99501F43}
		{A7848178-09E6-4FC7-A21E-9CB9418984A5} = {A7848178-09E6-4FC7-A21E-9CB9418984A5}
	EndProjectSection
EndProject
Project("{FAE04EC0-301F-11D3-BF4B-00C04F79EFBC}") = "ObjectBuilder", "Source\ObjectBuilder\ObjectBuilder.csproj", "{2AE49F19-392B-4C50-A13C-F49B2579849D}"
EndProject
Project("{FAE04EC0-301F-11D3-BF4B-00C04F79EFBC}") = "CompositeUI", "Source\CompositeUI\CompositeUI.csproj", "{C478E40B-A05E-4C69-9AB3-7A3BB374243F}"
EndProject
Project("{FAE04EC0-301F-11D3-BF4B-00C04F79EFBC}") = "CompositeUI.WinForms", "Source\CompositeUI.WinForms\CompositeUI.WinForms.csproj", "{073BCD60-F2FB-4DB9-92FB-403C8F9E8DD0}"
EndProject
Project("{FAE04EC0-301F-11D3-BF4B-00C04F79EFBC}") = "BankTellerCommon", "QuickStarts\BankTeller\BankTellerCommon\BankTellerCommon.csproj", "{5461523C-4DCE-4672-BC72-7F0C99501F43}"
EndProject
Project("{FAE04EC0-301F-11D3-BF4B-00C04F79EFBC}") = "CustomerMapExtensionModule", "QuickStarts\BankTeller\BankTellerModuleExtension\CustomerMapExtensionModule.csproj", "{A7848178-09E6-4FC7-A21E-9CB9418984A5}"
EndProject
Project("{FAE04EC0-301F-11D3-BF4B-00C04F79EFBC}") = "BankTellerModule", "QuickStarts\BankTeller\BankTellerModule\BankTellerModule.csproj", "{F5E262B3-2535-4579-B2A6-3FC5BD45EABB}"
EndProject
Project("{9A19103F-16F7-4668-BE54-9A1E7A4F7556}") = "ObjectBuilder.Core", "Source.Core\ObjectBuilder.Core\ObjectBuilder.Core.csproj", "{F6D2E1B3-9EE3-4F08-BF46-52CB1DA11CEB}"
EndProject
Project("{9A19103F-16F7-4668-BE54-9A1E7A4F7556}") = "CompositeUI.Core", "Source.Core\CompositeUI.Core\CompositeUI.Core.csproj", "{AB1074EF-9710-46B9-A319-FA1420D95987}"
EndProject
Project("{9A19103F-16F7-4668-BE54-9A1E7A4F7556}") = "CompositeUI.WinForms.Core", "Source.Core\CompositeUI.WinForms.Core\CompositeUI.WinForms.Core.csproj", "{CB57052F-96FE-40DF-988C-B6091B876DE0}"
EndProject
Project("{9A19103F-16F7-4668-BE54-9A1E7A4F7556}") = "BankShell.Core", "QuickStarts.Core\BankShell.Core\BankShell.Core.csproj", "{0C67AD95-B4A0-4D78-93CE-3A1D0D6E6AF4}"
EndProject
Project("{9A19103F-16F7-4668-BE54-9A1E7A4F7556}") = "BankTellerCommon.Core", "QuickStarts.Core\BankTellerCommon.Core\BankTellerCommon.Core.csproj", "{C5CB2B25-1E28-49CD-B4CB-19E7C4336198}"
EndProject
Project("{9A19103F-16F7-4668-BE54-9A1E7A4F7556}") = "BankTellerModule.Core", "QuickStarts.Core\BankTellerModule.Core\BankTellerModule.Core.csproj", "{E6C38FAE-5965-4958-8D6B-857A9578DD26}"
EndProject
Project("{9A19103F-16F7-4668-BE54-9A1E7A4F7556}") = "CustomerMapExtensionModule.Core", "QuickStarts.Core\CustomerMapExtensionModule.Core\CustomerMapExtensionModule.Core.csproj", "{B69356DD-7233-4DC3-9FFE-62932FB86077}"
EndProject
Global
	GlobalSection(SolutionConfigurationPlatforms) = preSolution
		Debug|Any CPU = Debug|Any CPU
		Release|Any CPU = Release|Any CPU
	EndGlobalSection
	GlobalSection(ProjectConfigurationPlatforms) = postSolution
		{62B89443-7C08-4753-9C43-F53DABF7549D}.Debug|Any CPU.ActiveCfg = Debug|Any CPU
		{62B89443-7C08-4753-9C43-F53DABF7549D}.Debug|Any CPU.Build.0 = Debug|Any CPU
		{62B89443-7C08-4753-9C43-F53DABF7549D}.Release|Any CPU.ActiveCfg = Release|Any CPU
		{62B89443-7C08-4753-9C43-F53DABF7549D}.Release|Any CPU.Build.0 = Release|Any CPU
		{2AE49F19-392B-4C50-A13C-F49B2579849D}.Debug|Any CPU.ActiveCfg = Debug|Any CPU
		{2AE49F19-392B-4C50-A13C-F49B2579849D}.Debug|Any CPU.Build.0 = Debug|Any CPU
		{2AE49F19-392B-4C50-A13C-F49B2579849D}.Release|Any CPU.ActiveCfg = Release|Any CPU
		{2AE49F19-392B-4C50-A13C-F49B2579849D}.Release|Any CPU.Build.0 = Release|Any CPU
		{C478E40B-A05E-4C69-9AB3-7A3BB374243F}.Debug|Any CPU.ActiveCfg = Debug|Any CPU
		{C478E40B-A05E-4C69-9AB3-7A3BB374243F}.Debug|Any CPU.Build.0 = Debug|Any CPU
		{C478E40B-A05E-4C69-9AB3-7A3BB374243F}.Release|Any CPU.ActiveCfg = Release|Any CPU
		{C478E40B-A05E-4C69-9AB3-7A3BB374243F}.Release|Any CPU.Build.0 = Release|Any CPU
		{073BCD60-F2FB-4DB9-92FB-403C8F9E8DD0}.Debug|Any CPU.ActiveCfg = Debug|Any CPU
		{073BCD60-F2FB-4DB9-92FB-403C8F9E8DD0}.Debug|Any CPU.Build.0 = Debug|Any CPU
		{073BCD60-F2FB-4DB9-92FB-403C8F9E8DD0}.Release|Any CPU.ActiveCfg = Release|Any CPU
		{073BCD60-F2FB-4DB9-92FB-403C8F9E8DD0}.Release|Any CPU.Build.0 = Release|Any CPU
		{5461523C-4DCE-4672-BC72-7F0C99501F43}.Debug|Any CPU.ActiveCfg = Debug|Any CPU
		{5461523C-4DCE-4672-BC72-7F0C99501F43}.Debug|Any CPU.Build.0 = Debug|Any CPU
		{5461523C-4DCE-4672-BC72-7F0C99501F43}.Release|Any CPU.ActiveCfg = Release|Any CPU
		{5461523C-4DCE-4672-BC72-7F0C99501F43}.Release|Any CPU.Build.0 = Release|Any CPU
		{A7848178-09E6-4FC7-A21E-9CB9418984A5}.Debug|Any CPU.ActiveCfg = Debug|Any CPU
		{A7848178-09E6-4FC7-A21E-9CB9418984A5}.Debug|Any CPU.Build.0 = Debug|Any CPU
		{A7848178-09E6-4FC7-A21E-9CB9418984A5}.Release|Any CPU.ActiveCfg = Release|Any CPU
		{A7848178-09E6-4FC7-A21E-9CB9418984A5}.Release|Any CPU.Build.0 = Release|Any CPU
		{F5E262B3-2535-4579-B2A6-3FC5BD45EABB}.Debug|Any CPU.ActiveCfg = Debug|Any CPU
		{F5E262B3-2535-4579-B2A6-3FC5BD45EABB}.Debug|Any CPU.Build.0 = Debug|Any CPU
		{F5E262B3-2535-4579-B2A6-3FC5BD45EABB}.Release|Any CPU.ActiveCfg = Release|Any CPU
		{F5E262B3-2535-4579-B2A6-3FC5BD45EABB}.Release|Any CPU.Build.0 = Release|Any CPU
		{F6D2E1B3-9EE3-4F08-BF46-52CB1DA11CEB}.Debug|Any CPU.ActiveCfg = Debug|Any CPU
		{F6D2E1B3-9EE3-4F08-BF46-52CB1DA11CEB}.Debug|Any CPU.Build.0 = Debug|Any CPU
		{F6D2E1B3-9EE3-4F08-BF46-52CB1DA11CEB}.Release|Any CPU.ActiveCfg = Release|Any CPU
		{F6D2E1B3-9EE3-4F08-BF46-52CB1DA11CEB}.Release|Any CPU.Build.0 = Release|Any CPU
		{AB1074EF-9710-46B9-A319-FA1420D95987}.Debug|Any CPU.ActiveCfg = Debug|Any CPU
		{AB1074EF-9710-46B9-A319-FA1420D95987}.Debug|Any CPU.Build.0 = Debug|Any CPU
		{AB1074EF-9710-46B9-A319-FA1420D95987}.Release|Any CPU.ActiveCfg = Release|Any CPU
		{AB1074EF-9710-46B9-A319-FA1420D95987}.Release|Any CPU.Build.0 = Release|Any CPU
		{CB57052F-96FE-40DF-988C-B6091B876DE0}.Debug|Any CPU.ActiveCfg = Debug|Any CPU
		{CB57052F-96FE-40DF-988C-B6091B876DE0}.Debug|Any CPU.Build.0 = Debug|Any CPU
		{CB57052F-96FE-40DF-988C-B6091B876DE0}.Release|Any CPU.ActiveCfg = Release|Any CPU
		{CB57052F-96FE-40DF-988C-B6091B876DE0}.Release|Any CPU.Build.0 = Release|Any CPU
		{0C67AD95-B4A0-4D78-93CE-3A1D0D6E6AF4}.Debug|Any CPU.ActiveCfg = Debug|Any CPU
		{0C67AD95-B4A0-4D78-93CE-3A1D0D6E6AF4}.Debug|Any CPU.Build.0 = Debug|Any CPU
		{0C67AD95-B4A0-4D78-93CE-3A1D0D6E6AF4}.Release|Any CPU.ActiveCfg = Release|Any CPU
		{0C67AD95-B4A0-4D78-93CE-3A1D0D6E6AF4}.Release|Any CPU.Build.0 = Release|Any CPU
		{C5CB2B25-1E28-49CD-B4CB-19E7C4336198}.Debug|Any CPU.ActiveCfg = Debug|Any CPU
		{C5CB2B25-1E28-49CD-B4CB-19E7C4336198}.Debug|Any CPU.Build.0 = Debug|Any CPU
		{C5CB2B25-1E28-49CD-B4CB-19E7C4336198}.Release|Any CPU.ActiveCfg = Release|Any CPU
		{C5CB2B25-1E28-49CD-B4CB-19E7C4336198}.Release|Any CPU.Build.0 = Release|Any CPU
		{E6C38FAE-5965-4958-8D6B-857A9578DD26}.Debug|Any CPU.ActiveCfg = Debug|Any CPU
		{E6C38FAE-5965-4958-8D6B-857A9578DD26}.Debug|Any CPU.Build.0 = Debug|Any CPU
		{E6C38FAE-5965-4958-8D6B-857A9578DD26}.Release|Any CPU.ActiveCfg = Release|Any CPU
		{E6C38FAE-5965-4958-8D6B-857A9578DD26}.Release|Any CPU.Build.0 = Release|Any CPU
		{B69356DD-7233-4DC3-9FFE-62932FB86077}.Debug|Any CPU.ActiveCfg = Debug|Any CPU
		{B69356DD-7233-4DC3-9FFE-62932FB86077}.Debug|Any CPU.Build.0 = Debug|Any CPU
		{B69356DD-7233-4DC3-9FFE-62932FB86077}.Release|Any CPU.ActiveCfg = Release|Any CPU
		{B69356DD-7233-4DC3-9FFE-62932FB86077}.Release|Any CPU.Build.0 = Release|Any CPU
	EndGlobalSection
	GlobalSection(SolutionProperties) = preSolution
		HideSolutionNode = FALSE
	EndGlobalSection
	GlobalSection(NestedProjects) = preSolution
		{62B89443-7C08-4753-9C43-F53DABF7549D} = {C1EA36DF-CE87-4C06-A9CC-AE4DCD702867}
		{2AE49F19-392B-4C50-A13C-F49B2579849D} = {D8988547-2292-479D-99F6-54A35937888A}
		{C478E40B-A05E-4C69-9AB3-7A3BB374243F} = {D8988547-2292-479D-99F6-54A35937888A}
		{073BCD60-F2FB-4DB9-92FB-403C8F9E8DD0} = {D8988547-2292-479D-99F6-54A35937888A}
		{5461523C-4DCE-4672-BC72-7F0C99501F43} = {C1EA36DF-CE87-4C06-A9CC-AE4DCD702867}
		{A7848178-09E6-4FC7-A21E-9CB9418984A5} = {C1EA36DF-CE87-4C06-A9CC-AE4DCD702867}
		{F5E262B3-2535-4579-B2A6-3FC5BD45EABB} = {C1EA36DF-CE87-4C06-A9CC-AE4DCD702867}
		{F6D2E1B3-9EE3-4F08-BF46-52CB1DA11CEB} = {B7245400-CC17-454F-B3CD-7A8801B5E539}
		{AB1074EF-9710-46B9-A319-FA1420D95987} = {B7245400-CC17-454F-B3CD-7A8801B5E539}
		{CB57052F-96FE-40DF-988C-B6091B876DE0} = {B7245400-CC17-454F-B3CD-7A8801B5E539}
		{0C67AD95-B4A0-4D78-93CE-3A1D0D6E6AF4} = {9630EB68-9D06-4C26-89AE-D477A462A8AD}
		{C5CB2B25-1E28-49CD-B4CB-19E7C4336198} = {9630EB68-9D06-4C26-89AE-D477A462A8AD}
		{E6C38FAE-5965-4958-8D6B-857A9578DD26} = {9630EB68-9D06-4C26-89AE-D477A462A8AD}
		{B69356DD-7233-4DC3-9FFE-62932FB86077} = {9630EB68-9D06-4C26-89AE-D477A462A8AD}
	EndGlobalSection
	GlobalSection(ExtensibilityGlobals) = postSolution
		SolutionGuid = {8902ADEA-91E0-4FFB-AB4F-9F171AEACBF2}
	EndGlobalSection
EndGlobal
