
Microsoft Visual Studio Solution File, Format Version 12.00
# Visual Studio Version 16
VisualStudioVersion = 16.0.28917.182
MinimumVisualStudioVersion = 10.0.40219.1
Project("{2150E333-8FDC-42A3-9474-1A3956D46DE8}") = "QuickStarts", "QuickStarts", "{4184AC47-ADDF-489F-8F18-7F5822701092}"
EndProject
Project("{2150E333-8FDC-42A3-9474-1A3956D46DE8}") = "ModuleLoader", "ModuleLoader", "{78ECCB66-0EDB-46C1-80D8-BE64B935ACBC}"
EndProject
Project("{2150E333-8FDC-42A3-9474-1A3956D46DE8}") = "Commands", "Commands", "{3B15C31C-C6EC-473F-9C97-6BB59D502045}"
EndProject
Project("{2150E333-8FDC-42A3-9474-1A3956D46DE8}") = "Walkthrough", "Walkthrough", "{694C398B-C8EC-47F8-85C2-4E2DCF3CECEA}"
EndProject
Project("{2150E333-8FDC-42A3-9474-1A3956D46DE8}") = "Step 1", "Step 1", "{CCAD041B-900A-461A-A417-0E5857207A9E}"
EndProject
Project("{2150E333-8FDC-42A3-9474-1A3956D46DE8}") = "Step 2", "Step 2", "{8B64B942-9057-41D1-B634-DB78C39513CB}"
EndProject
Project("{2150E333-8FDC-42A3-9474-1A3956D46DE8}") = "Step 3", "Step 3", "{EFD9809F-A5EF-420E-8587-1CBA7CF8E354}"
EndProject
Project("{2150E333-8FDC-42A3-9474-1A3956D46DE8}") = "Step 4", "Step 4", "{46DC51F9-474D-4B73-98C5-11246CB03547}"
EndProject
Project("{2150E333-8FDC-42A3-9474-1A3956D46DE8}") = "BankTeller", "BankTeller", "{860A64AE-A7AE-4101-9B81-25AD52087A07}"
EndProject
Project("{2150E333-8FDC-42A3-9474-1A3956D46DE8}") = "SmartParts", "SmartParts", "{36C40F3A-A944-47A5-8AC4-2824E6C5A72A}"
EndProject
Project("{2150E333-8FDC-42A3-9474-1A3956D46DE8}") = "EventBroker", "EventBroker", "{419E8517-D3F5-4730-A27C-F23ED82107A6}"
EndProject
Project("{2150E333-8FDC-42A3-9474-1A3956D46DE8}") = "Source", "Source", "{70ADA962-AF58-4D93-B63A-5B2692B4147E}"
EndProject
Project("{2150E333-8FDC-42A3-9474-1A3956D46DE8}") = "UnitTests", "UnitTests", "{01D95EA4-6163-4BDD-B015-A6F481DAFC8F}"
EndProject
Project("{FAE04EC0-301F-11D3-BF4B-00C04F79EFBC}") = "BankShell", "QuickStarts\BankTeller\BankShell\BankShell.csproj", "{62B89443-7C08-4753-9C43-F53DABF7549D}"
	ProjectSection(ProjectDependencies) = postProject
		{F5E262B3-2535-4579-B2A6-3FC5BD45EABB} = {F5E262B3-2535-4579-B2A6-3FC5BD45EABB}
		{A7848178-09E6-4FC7-A21E-9CB9418984A5} = {A7848178-09E6-4FC7-A21E-9CB9418984A5}
	EndProjectSection
EndProject
Project("{FAE04EC0-301F-11D3-BF4B-00C04F79EFBC}") = "GPSModule", "QuickStarts\ModuleLoader\GPSModule\GPSModule.csproj", "{C0C593F3-A235-4B68-B4A7-6BC724A2F8E8}"
EndProject
Project("{FAE04EC0-301F-11D3-BF4B-00C04F79EFBC}") = "ModuleLoaderQuickStart", "QuickStarts\ModuleLoader\ModuleLoaderQuickStart\ModuleLoaderQuickStart.csproj", "{D53533C1-4270-44A6-862E-18623445CA0B}"
EndProject
Project("{FAE04EC0-301F-11D3-BF4B-00C04F79EFBC}") = "CommandsQuickStart", "QuickStarts\Commands\CommandsQuickStart\CommandsQuickStart.csproj", "{E2889A51-A517-44A8-A479-69386C9B8BD1}"
EndProject
Project("{FAE04EC0-301F-11D3-BF4B-00C04F79EFBC}") = "ShellApplication", "QuickStarts\Walkthrough\Step1\ShellApplication\ShellApplication.csproj", "{27939947-5B62-4C4C-99FF-898BF0C71D07}"
EndProject
Project("{FAE04EC0-301F-11D3-BF4B-00C04F79EFBC}") = "MyModule", "QuickStarts\Walkthrough\Step2\MyModule\MyModule.csproj", "{97B7A004-2B34-462C-A055-4A02972A99A9}"
EndProject
Project("{FAE04EC0-301F-11D3-BF4B-00C04F79EFBC}") = "ShellApplication", "QuickStarts\Walkthrough\Step2\ShellApplication\ShellApplication.csproj", "{637AD7F9-7056-41AC-93B2-0956EC1FD4D5}"
EndProject
Project("{FAE04EC0-301F-11D3-BF4B-00C04F79EFBC}") = "ShellApplication", "QuickStarts\Walkthrough\Step3\ShellApplication\ShellApplication.csproj", "{AE9B0095-C0D9-4ACD-BF5D-D44CE5CE9B51}"
EndProject
Project("{FAE04EC0-301F-11D3-BF4B-00C04F79EFBC}") = "MyModule", "QuickStarts\Walkthrough\Step3\MyModule\MyModule.csproj", "{231EE72D-663A-4AC0-BE56-3728D5FE3477}"
EndProject
Project("{FAE04EC0-301F-11D3-BF4B-00C04F79EFBC}") = "MyModule", "QuickStarts\Walkthrough\Step4\MyModule\MyModule.csproj", "{C496A04B-72AF-4343-9833-7A36010F562C}"
EndProject
Project("{FAE04EC0-301F-11D3-BF4B-00C04F79EFBC}") = "ShellApplication", "QuickStarts\Walkthrough\Step4\ShellApplication\ShellApplication.csproj", "{21775AD9-4C98-483B-A716-F9D7EE65F874}"
EndProject
Project("{FAE04EC0-301F-11D3-BF4B-00C04F79EFBC}") = "BankTellerCommon", "QuickStarts\BankTeller\BankTellerCommon\BankTellerCommon.csproj", "{5461523C-4DCE-4672-BC72-7F0C99501F43}"
EndProject
Project("{FAE04EC0-301F-11D3-BF4B-00C04F79EFBC}") = "CustomerMapExtensionModule", "QuickStarts\BankTeller\BankTellerModuleExtension\CustomerMapExtensionModule.csproj", "{A7848178-09E6-4FC7-A21E-9CB9418984A5}"
EndProject
Project("{FAE04EC0-301F-11D3-BF4B-00C04F79EFBC}") = "BankTellerModule", "QuickStarts\BankTeller\BankTellerModule\BankTellerModule.csproj", "{F5E262B3-2535-4579-B2A6-3FC5BD45EABB}"
EndProject
Project("{FAE04EC0-301F-11D3-BF4B-00C04F79EFBC}") = "SmartPartQuickStart", "QuickStarts\SmartPart\SmartPartQuickStart\SmartPartQuickStart.csproj", "{45AAAC79-E7DF-492C-A5DE-9C2BC6016FCD}"
EndProject
Project("{FAE04EC0-301F-11D3-BF4B-00C04F79EFBC}") = "EventBrokerQuickStart", "QuickStarts\EventBroker\EventBrokerDemo\EventBrokerQuickStart.csproj", "{D74D48F9-85C5-452F-A1C1-7FCE9F9F8B1F}"
EndProject
Project("{FAE04EC0-301F-11D3-BF4B-00C04F79EFBC}") = "ObjectBuilder", "Source\ObjectBuilder\ObjectBuilder.csproj", "{2AE49F19-392B-4C50-A13C-F49B2579849D}"
EndProject
Project("{FAE04EC0-301F-11D3-BF4B-00C04F79EFBC}") = "CompositeUI", "Source\CompositeUI\CompositeUI.csproj", "{C478E40B-A05E-4C69-9AB3-7A3BB374243F}"
EndProject
Project("{FAE04EC0-301F-11D3-BF4B-00C04F79EFBC}") = "CompositeUI.WinForms", "Source\CompositeUI.WinForms\CompositeUI.WinForms.csproj", "{073BCD60-F2FB-4DB9-92FB-403C8F9E8DD0}"
EndProject
Project("{FAE04EC0-301F-11D3-BF4B-00C04F79EFBC}") = "CompositeUI.Tests.VSTS", "UnitTest\VSTS\CompositeUI\CompositeUI.Tests.VSTS.csproj", "{533BB382-F49F-4945-EA80-4B01D58C1AB0}"
EndProject
Project("{FAE04EC0-301F-11D3-BF4B-00C04F79EFBC}") = "CompositeUI.WinForms.Tests.VSTS", "UnitTest\VSTS\CompositeUI.WinForms\CompositeUI.WinForms.Tests.VSTS.csproj", "{006913B7-12A3-4FF1-5295-32825D100C9C}"
EndProject
Project("{FAE04EC0-301F-11D3-BF4B-00C04F79EFBC}") = "ObjectBuilder.Tests.VSTS", "UnitTest\VSTS\ObjectBuilder\ObjectBuilder.Tests.VSTS.csproj", "{5C5262F7-FE62-415F-BC8D-3C49CC071403}"
EndProject
Project("{9A19103F-16F7-4668-BE54-9A1E7A4F7556}") = "ObjectBuilder.Tests.VSTS.Core", "UnitTest\VSTS.Core\ObjectBuilder.Tests.VSTS.Core\ObjectBuilder.Tests.VSTS.Core.csproj", "{115F2FFA-77F3-4934-BB04-351E2ECC6E0E}"
EndProject
Project("{2150E333-8FDC-42A3-9474-1A3956D46DE8}") = "Source.Core", "Source.Core", "{CEA7647C-C46E-424A-9655-4C8260615215}"
EndProject
Project("{9A19103F-16F7-4668-BE54-9A1E7A4F7556}") = "ObjectBuilder.Core", "Source.Core\ObjectBuilder.Core\ObjectBuilder.Core.csproj", "{A3FDCB89-3255-4F76-A1A9-A68BD6216481}"
EndProject
Project("{9A19103F-16F7-4668-BE54-9A1E7A4F7556}") = "CompositeUI.Core", "Source.Core\CompositeUI.Core\CompositeUI.Core.csproj", "{14C1AF78-8C2F-43F2-9A69-E4F525001012}"
EndProject
Project("{9A19103F-16F7-4668-BE54-9A1E7A4F7556}") = "CompositeUI.WinForms.Core", "Source.Core\CompositeUI.WinForms.Core\CompositeUI.WinForms.Core.csproj", "{14792400-B4A7-4CCE-A3E1-D3440F7F4F4F}"
EndProject
Project("{9A19103F-16F7-4668-BE54-9A1E7A4F7556}") = "CompositeUI.Tests.VSTS.Core", "UnitTest\VSTS.Core\CompositeUI.Tests.VSTS.Core\CompositeUI.Tests.VSTS.Core.csproj", "{D2268F97-CDA8-498C-8D2A-49CDF49B5BAF}"
EndProject
Project("{FAE04EC0-301F-11D3-BF4B-00C04F79EFBC}") = "CompositeUI.WinForms.Tests.VSTS.Core", "UnitTest\VSTS.Core\CompositeUI.WinForms.Tests.VSTS.Core\CompositeUI.WinForms.Tests.VSTS.Core.csproj", "{B776A1B1-0119-4FAB-9C27-5B886BD3F934}"
EndProject
Project("{2150E333-8FDC-42A3-9474-1A3956D46DE8}") = "UnitTests.Core", "UnitTests.Core", "{1A5B5FE3-1494-4EA0-9476-E16B0C5CFAA8}"
EndProject
Global
	GlobalSection(SolutionConfigurationPlatforms) = preSolution
		Debug|Any CPU = Debug|Any CPU
		Release|Any CPU = Release|Any CPU
	EndGlobalSection
	GlobalSection(ProjectConfigurationPlatforms) = postSolution
		{62B89443-7C08-4753-9C43-F53DABF7549D}.Debug|Any CPU.ActiveCfg = Debug|Any CPU
		{62B89443-7C08-4753-9C43-F53DABF7549D}.Debug|Any CPU.Build.0 = Debug|Any CPU
		{62B89443-7C08-4753-9C43-F53DABF7549D}.Release|Any CPU.ActiveCfg = Release|Any CPU
		{62B89443-7C08-4753-9C43-F53DABF7549D}.Release|Any CPU.Build.0 = Release|Any CPU
		{C0C593F3-A235-4B68-B4A7-6BC724A2F8E8}.Debug|Any CPU.ActiveCfg = Debug|Any CPU
		{C0C593F3-A235-4B68-B4A7-6BC724A2F8E8}.Debug|Any CPU.Build.0 = Debug|Any CPU
		{C0C593F3-A235-4B68-B4A7-6BC724A2F8E8}.Release|Any CPU.ActiveCfg = Release|Any CPU
		{C0C593F3-A235-4B68-B4A7-6BC724A2F8E8}.Release|Any CPU.Build.0 = Release|Any CPU
		{D53533C1-4270-44A6-862E-18623445CA0B}.Debug|Any CPU.ActiveCfg = Debug|Any CPU
		{D53533C1-4270-44A6-862E-18623445CA0B}.Debug|Any CPU.Build.0 = Debug|Any CPU
		{D53533C1-4270-44A6-862E-18623445CA0B}.Release|Any CPU.ActiveCfg = Release|Any CPU
		{D53533C1-4270-44A6-862E-18623445CA0B}.Release|Any CPU.Build.0 = Release|Any CPU
		{E2889A51-A517-44A8-A479-69386C9B8BD1}.Debug|Any CPU.ActiveCfg = Debug|Any CPU
		{E2889A51-A517-44A8-A479-69386C9B8BD1}.Debug|Any CPU.Build.0 = Debug|Any CPU
		{E2889A51-A517-44A8-A479-69386C9B8BD1}.Release|Any CPU.ActiveCfg = Release|Any CPU
		{E2889A51-A517-44A8-A479-69386C9B8BD1}.Release|Any CPU.Build.0 = Release|Any CPU
		{27939947-5B62-4C4C-99FF-898BF0C71D07}.Debug|Any CPU.ActiveCfg = Debug|Any CPU
		{27939947-5B62-4C4C-99FF-898BF0C71D07}.Debug|Any CPU.Build.0 = Debug|Any CPU
		{27939947-5B62-4C4C-99FF-898BF0C71D07}.Release|Any CPU.ActiveCfg = Release|Any CPU
		{27939947-5B62-4C4C-99FF-898BF0C71D07}.Release|Any CPU.Build.0 = Release|Any CPU
		{97B7A004-2B34-462C-A055-4A02972A99A9}.Debug|Any CPU.ActiveCfg = Debug|Any CPU
		{97B7A004-2B34-462C-A055-4A02972A99A9}.Debug|Any CPU.Build.0 = Debug|Any CPU
		{97B7A004-2B34-462C-A055-4A02972A99A9}.Release|Any CPU.ActiveCfg = Release|Any CPU
		{97B7A004-2B34-462C-A055-4A02972A99A9}.Release|Any CPU.Build.0 = Release|Any CPU
		{637AD7F9-7056-41AC-93B2-0956EC1FD4D5}.Debug|Any CPU.ActiveCfg = Debug|Any CPU
		{637AD7F9-7056-41AC-93B2-0956EC1FD4D5}.Debug|Any CPU.Build.0 = Debug|Any CPU
		{637AD7F9-7056-41AC-93B2-0956EC1FD4D5}.Release|Any CPU.ActiveCfg = Release|Any CPU
		{637AD7F9-7056-41AC-93B2-0956EC1FD4D5}.Release|Any CPU.Build.0 = Release|Any CPU
		{AE9B0095-C0D9-4ACD-BF5D-D44CE5CE9B51}.Debug|Any CPU.ActiveCfg = Debug|Any CPU
		{AE9B0095-C0D9-4ACD-BF5D-D44CE5CE9B51}.Debug|Any CPU.Build.0 = Debug|Any CPU
		{AE9B0095-C0D9-4ACD-BF5D-D44CE5CE9B51}.Release|Any CPU.ActiveCfg = Release|Any CPU
		{AE9B0095-C0D9-4ACD-BF5D-D44CE5CE9B51}.Release|Any CPU.Build.0 = Release|Any CPU
		{231EE72D-663A-4AC0-BE56-3728D5FE3477}.Debug|Any CPU.ActiveCfg = Debug|Any CPU
		{231EE72D-663A-4AC0-BE56-3728D5FE3477}.Debug|Any CPU.Build.0 = Debug|Any CPU
		{231EE72D-663A-4AC0-BE56-3728D5FE3477}.Release|Any CPU.ActiveCfg = Release|Any CPU
		{231EE72D-663A-4AC0-BE56-3728D5FE3477}.Release|Any CPU.Build.0 = Release|Any CPU
		{C496A04B-72AF-4343-9833-7A36010F562C}.Debug|Any CPU.ActiveCfg = Debug|Any CPU
		{C496A04B-72AF-4343-9833-7A36010F562C}.Debug|Any CPU.Build.0 = Debug|Any CPU
		{C496A04B-72AF-4343-9833-7A36010F562C}.Release|Any CPU.ActiveCfg = Release|Any CPU
		{C496A04B-72AF-4343-9833-7A36010F562C}.Release|Any CPU.Build.0 = Release|Any CPU
		{21775AD9-4C98-483B-A716-F9D7EE65F874}.Debug|Any CPU.ActiveCfg = Debug|Any CPU
		{21775AD9-4C98-483B-A716-F9D7EE65F874}.Debug|Any CPU.Build.0 = Debug|Any CPU
		{21775AD9-4C98-483B-A716-F9D7EE65F874}.Release|Any CPU.ActiveCfg = Release|Any CPU
		{21775AD9-4C98-483B-A716-F9D7EE65F874}.Release|Any CPU.Build.0 = Release|Any CPU
		{5461523C-4DCE-4672-BC72-7F0C99501F43}.Debug|Any CPU.ActiveCfg = Debug|Any CPU
		{5461523C-4DCE-4672-BC72-7F0C99501F43}.Debug|Any CPU.Build.0 = Debug|Any CPU
		{5461523C-4DCE-4672-BC72-7F0C99501F43}.Release|Any CPU.ActiveCfg = Release|Any CPU
		{5461523C-4DCE-4672-BC72-7F0C99501F43}.Release|Any CPU.Build.0 = Release|Any CPU
		{A7848178-09E6-4FC7-A21E-9CB9418984A5}.Debug|Any CPU.ActiveCfg = Debug|Any CPU
		{A7848178-09E6-4FC7-A21E-9CB9418984A5}.Debug|Any CPU.Build.0 = Debug|Any CPU
		{A7848178-09E6-4FC7-A21E-9CB9418984A5}.Release|Any CPU.ActiveCfg = Release|Any CPU
		{A7848178-09E6-4FC7-A21E-9CB9418984A5}.Release|Any CPU.Build.0 = Release|Any CPU
		{F5E262B3-2535-4579-B2A6-3FC5BD45EABB}.Debug|Any CPU.ActiveCfg = Debug|Any CPU
		{F5E262B3-2535-4579-B2A6-3FC5BD45EABB}.Debug|Any CPU.Build.0 = Debug|Any CPU
		{F5E262B3-2535-4579-B2A6-3FC5BD45EABB}.Release|Any CPU.ActiveCfg = Release|Any CPU
		{F5E262B3-2535-4579-B2A6-3FC5BD45EABB}.Release|Any CPU.Build.0 = Release|Any CPU
		{45AAAC79-E7DF-492C-A5DE-9C2BC6016FCD}.Debug|Any CPU.ActiveCfg = Debug|Any CPU
		{45AAAC79-E7DF-492C-A5DE-9C2BC6016FCD}.Debug|Any CPU.Build.0 = Debug|Any CPU
		{45AAAC79-E7DF-492C-A5DE-9C2BC6016FCD}.Release|Any CPU.ActiveCfg = Release|Any CPU
		{45AAAC79-E7DF-492C-A5DE-9C2BC6016FCD}.Release|Any CPU.Build.0 = Release|Any CPU
		{D74D48F9-85C5-452F-A1C1-7FCE9F9F8B1F}.Debug|Any CPU.ActiveCfg = Debug|Any CPU
		{D74D48F9-85C5-452F-A1C1-7FCE9F9F8B1F}.Debug|Any CPU.Build.0 = Debug|Any CPU
		{D74D48F9-85C5-452F-A1C1-7FCE9F9F8B1F}.Release|Any CPU.ActiveCfg = Release|Any CPU
		{D74D48F9-85C5-452F-A1C1-7FCE9F9F8B1F}.Release|Any CPU.Build.0 = Release|Any CPU
		{2AE49F19-392B-4C50-A13C-F49B2579849D}.Debug|Any CPU.ActiveCfg = Debug|Any CPU
		{2AE49F19-392B-4C50-A13C-F49B2579849D}.Debug|Any CPU.Build.0 = Debug|Any CPU
		{2AE49F19-392B-4C50-A13C-F49B2579849D}.Release|Any CPU.ActiveCfg = Release|Any CPU
		{2AE49F19-392B-4C50-A13C-F49B2579849D}.Release|Any CPU.Build.0 = Release|Any CPU
		{C478E40B-A05E-4C69-9AB3-7A3BB374243F}.Debug|Any CPU.ActiveCfg = Debug|Any CPU
		{C478E40B-A05E-4C69-9AB3-7A3BB374243F}.Debug|Any CPU.Build.0 = Debug|Any CPU
		{C478E40B-A05E-4C69-9AB3-7A3BB374243F}.Release|Any CPU.ActiveCfg = Release|Any CPU
		{C478E40B-A05E-4C69-9AB3-7A3BB374243F}.Release|Any CPU.Build.0 = Release|Any CPU
		{073BCD60-F2FB-4DB9-92FB-403C8F9E8DD0}.Debug|Any CPU.ActiveCfg = Debug|Any CPU
		{073BCD60-F2FB-4DB9-92FB-403C8F9E8DD0}.Debug|Any CPU.Build.0 = Debug|Any CPU
		{073BCD60-F2FB-4DB9-92FB-403C8F9E8DD0}.Release|Any CPU.ActiveCfg = Release|Any CPU
		{073BCD60-F2FB-4DB9-92FB-403C8F9E8DD0}.Release|Any CPU.Build.0 = Release|Any CPU
		{533BB382-F49F-4945-EA80-4B01D58C1AB0}.Debug|Any CPU.ActiveCfg = Debug|Any CPU
		{533BB382-F49F-4945-EA80-4B01D58C1AB0}.Debug|Any CPU.Build.0 = Debug|Any CPU
		{533BB382-F49F-4945-EA80-4B01D58C1AB0}.Release|Any CPU.ActiveCfg = Release|Any CPU
		{533BB382-F49F-4945-EA80-4B01D58C1AB0}.Release|Any CPU.Build.0 = Release|Any CPU
		{006913B7-12A3-4FF1-5295-32825D100C9C}.Debug|Any CPU.ActiveCfg = Debug|Any CPU
		{006913B7-12A3-4FF1-5295-32825D100C9C}.Debug|Any CPU.Build.0 = Debug|Any CPU
		{006913B7-12A3-4FF1-5295-32825D100C9C}.Release|Any CPU.ActiveCfg = Release|Any CPU
		{006913B7-12A3-4FF1-5295-32825D100C9C}.Release|Any CPU.Build.0 = Release|Any CPU
		{5C5262F7-FE62-415F-BC8D-3C49CC071403}.Debug|Any CPU.ActiveCfg = Debug|Any CPU
		{5C5262F7-FE62-415F-BC8D-3C49CC071403}.Debug|Any CPU.Build.0 = Debug|Any CPU
		{5C5262F7-FE62-415F-BC8D-3C49CC071403}.Release|Any CPU.ActiveCfg = Release|Any CPU
		{5C5262F7-FE62-415F-BC8D-3C49CC071403}.Release|Any CPU.Build.0 = Release|Any CPU
		{115F2FFA-77F3-4934-BB04-351E2ECC6E0E}.Debug|Any CPU.ActiveCfg = Debug|Any CPU
		{115F2FFA-77F3-4934-BB04-351E2ECC6E0E}.Debug|Any CPU.Build.0 = Debug|Any CPU
		{115F2FFA-77F3-4934-BB04-351E2ECC6E0E}.Release|Any CPU.ActiveCfg = Release|Any CPU
		{115F2FFA-77F3-4934-BB04-351E2ECC6E0E}.Release|Any CPU.Build.0 = Release|Any CPU
		{A3FDCB89-3255-4F76-A1A9-A68BD6216481}.Debug|Any CPU.ActiveCfg = Debug|Any CPU
		{A3FDCB89-3255-4F76-A1A9-A68BD6216481}.Debug|Any CPU.Build.0 = Debug|Any CPU
		{A3FDCB89-3255-4F76-A1A9-A68BD6216481}.Release|Any CPU.ActiveCfg = Release|Any CPU
		{A3FDCB89-3255-4F76-A1A9-A68BD6216481}.Release|Any CPU.Build.0 = Release|Any CPU
		{14C1AF78-8C2F-43F2-9A69-E4F525001012}.Debug|Any CPU.ActiveCfg = Debug|Any CPU
		{14C1AF78-8C2F-43F2-9A69-E4F525001012}.Debug|Any CPU.Build.0 = Debug|Any CPU
		{14C1AF78-8C2F-43F2-9A69-E4F525001012}.Release|Any CPU.ActiveCfg = Release|Any CPU
		{14C1AF78-8C2F-43F2-9A69-E4F525001012}.Release|Any CPU.Build.0 = Release|Any CPU
		{14792400-B4A7-4CCE-A3E1-D3440F7F4F4F}.Debug|Any CPU.ActiveCfg = Debug|Any CPU
		{14792400-B4A7-4CCE-A3E1-D3440F7F4F4F}.Debug|Any CPU.Build.0 = Debug|Any CPU
		{14792400-B4A7-4CCE-A3E1-D3440F7F4F4F}.Release|Any CPU.ActiveCfg = Release|Any CPU
		{14792400-B4A7-4CCE-A3E1-D3440F7F4F4F}.Release|Any CPU.Build.0 = Release|Any CPU
		{D2268F97-CDA8-498C-8D2A-49CDF49B5BAF}.Debug|Any CPU.ActiveCfg = Debug|Any CPU
		{D2268F97-CDA8-498C-8D2A-49CDF49B5BAF}.Debug|Any CPU.Build.0 = Debug|Any CPU
		{D2268F97-CDA8-498C-8D2A-49CDF49B5BAF}.Release|Any CPU.ActiveCfg = Release|Any CPU
		{D2268F97-CDA8-498C-8D2A-49CDF49B5BAF}.Release|Any CPU.Build.0 = Release|Any CPU
		{B776A1B1-0119-4FAB-9C27-5B886BD3F934}.Debug|Any CPU.ActiveCfg = Debug|Any CPU
		{B776A1B1-0119-4FAB-9C27-5B886BD3F934}.Debug|Any CPU.Build.0 = Debug|Any CPU
		{B776A1B1-0119-4FAB-9C27-5B886BD3F934}.Release|Any CPU.ActiveCfg = Release|Any CPU
		{B776A1B1-0119-4FAB-9C27-5B886BD3F934}.Release|Any CPU.Build.0 = Release|Any CPU
	EndGlobalSection
	GlobalSection(SolutionProperties) = preSolution
		HideSolutionNode = FALSE
	EndGlobalSection
	GlobalSection(NestedProjects) = preSolution
		{78ECCB66-0EDB-46C1-80D8-BE64B935ACBC} = {4184AC47-ADDF-489F-8F18-7F5822701092}
		{3B15C31C-C6EC-473F-9C97-6BB59D502045} = {4184AC47-ADDF-489F-8F18-7F5822701092}
		{694C398B-C8EC-47F8-85C2-4E2DCF3CECEA} = {4184AC47-ADDF-489F-8F18-7F5822701092}
		{CCAD041B-900A-461A-A417-0E5857207A9E} = {694C398B-C8EC-47F8-85C2-4E2DCF3CECEA}
		{8B64B942-9057-41D1-B634-DB78C39513CB} = {694C398B-C8EC-47F8-85C2-4E2DCF3CECEA}
		{EFD9809F-A5EF-420E-8587-1CBA7CF8E354} = {694C398B-C8EC-47F8-85C2-4E2DCF3CECEA}
		{46DC51F9-474D-4B73-98C5-11246CB03547} = {694C398B-C8EC-47F8-85C2-4E2DCF3CECEA}
		{860A64AE-A7AE-4101-9B81-25AD52087A07} = {4184AC47-ADDF-489F-8F18-7F5822701092}
		{36C40F3A-A944-47A5-8AC4-2824E6C5A72A} = {4184AC47-ADDF-489F-8F18-7F5822701092}
		{419E8517-D3F5-4730-A27C-F23ED82107A6} = {4184AC47-ADDF-489F-8F18-7F5822701092}
		{62B89443-7C08-4753-9C43-F53DABF7549D} = {860A64AE-A7AE-4101-9B81-25AD52087A07}
		{C0C593F3-A235-4B68-B4A7-6BC724A2F8E8} = {78ECCB66-0EDB-46C1-80D8-BE64B935ACBC}
		{D53533C1-4270-44A6-862E-18623445CA0B} = {78ECCB66-0EDB-46C1-80D8-BE64B935ACBC}
		{E2889A51-A517-44A8-A479-69386C9B8BD1} = {3B15C31C-C6EC-473F-9C97-6BB59D502045}
		{27939947-5B62-4C4C-99FF-898BF0C71D07} = {CCAD041B-900A-461A-A417-0E5857207A9E}
		{97B7A004-2B34-462C-A055-4A02972A99A9} = {8B64B942-9057-41D1-B634-DB78C39513CB}
		{637AD7F9-7056-41AC-93B2-0956EC1FD4D5} = {8B64B942-9057-41D1-B634-DB78C39513CB}
		{AE9B0095-C0D9-4ACD-BF5D-D44CE5CE9B51} = {EFD9809F-A5EF-420E-8587-1CBA7CF8E354}
		{231EE72D-663A-4AC0-BE56-3728D5FE3477} = {EFD9809F-A5EF-420E-8587-1CBA7CF8E354}
		{C496A04B-72AF-4343-9833-7A36010F562C} = {46DC51F9-474D-4B73-98C5-11246CB03547}
		{21775AD9-4C98-483B-A716-F9D7EE65F874} = {46DC51F9-474D-4B73-98C5-11246CB03547}
		{5461523C-4DCE-4672-BC72-7F0C99501F43} = {860A64AE-A7AE-4101-9B81-25AD52087A07}
		{A7848178-09E6-4FC7-A21E-9CB9418984A5} = {860A64AE-A7AE-4101-9B81-25AD52087A07}
		{F5E262B3-2535-4579-B2A6-3FC5BD45EABB} = {860A64AE-A7AE-4101-9B81-25AD52087A07}
		{45AAAC79-E7DF-492C-A5DE-9C2BC6016FCD} = {36C40F3A-A944-47A5-8AC4-2824E6C5A72A}
		{D74D48F9-85C5-452F-A1C1-7FCE9F9F8B1F} = {419E8517-D3F5-4730-A27C-F23ED82107A6}
		{2AE49F19-392B-4C50-A13C-F49B2579849D} = {70ADA962-AF58-4D93-B63A-5B2692B4147E}
		{C478E40B-A05E-4C69-9AB3-7A3BB374243F} = {70ADA962-AF58-4D93-B63A-5B2692B4147E}
		{073BCD60-F2FB-4DB9-92FB-403C8F9E8DD0} = {70ADA962-AF58-4D93-B63A-5B2692B4147E}
		{533BB382-F49F-4945-EA80-4B01D58C1AB0} = {01D95EA4-6163-4BDD-B015-A6F481DAFC8F}
		{006913B7-12A3-4FF1-5295-32825D100C9C} = {01D95EA4-6163-4BDD-B015-A6F481DAFC8F}
		{5C5262F7-FE62-415F-BC8D-3C49CC071403} = {01D95EA4-6163-4BDD-B015-A6F481DAFC8F}
		{115F2FFA-77F3-4934-BB04-351E2ECC6E0E} = {1A5B5FE3-1494-4EA0-9476-E16B0C5CFAA8}
		{A3FDCB89-3255-4F76-A1A9-A68BD6216481} = {CEA7647C-C46E-424A-9655-4C8260615215}
		{14C1AF78-8C2F-43F2-9A69-E4F525001012} = {CEA7647C-C46E-424A-9655-4C8260615215}
		{14792400-B4A7-4CCE-A3E1-D3440F7F4F4F} = {CEA7647C-C46E-424A-9655-4C8260615215}
		{D2268F97-CDA8-498C-8D2A-49CDF49B5BAF} = {1A5B5FE3-1494-4EA0-9476-E16B0C5CFAA8}
		{B776A1B1-0119-4FAB-9C27-5B886BD3F934} = {1A5B5FE3-1494-4EA0-9476-E16B0C5CFAA8}
	EndGlobalSection
	GlobalSection(ExtensibilityGlobals) = postSolution
		SolutionGuid = {DAD8B7DF-E719-4618-ACA3-30FA60DB764C}
	EndGlobalSection
EndGlobal
