
Microsoft Visual Studio Solution File, Format Version 12.00
# Visual Studio Version 16
VisualStudioVersion = 16.0.28917.182
MinimumVisualStudioVersion = 10.0.40219.1
Project("{2150E333-8FDC-42A3-9474-1A3956D46DE8}") = "CAB", "CAB", "{69E7C2B6-6116-403D-BBBC-647DDB881149}"
EndProject
Project("{FAE04EC0-301F-11D3-BF4B-00C04F79EFBC}") = "EventBrokerQuickStart", "QuickStarts\EventBroker\EventBrokerDemo\EventBrokerQuickStart.csproj", "{D74D48F9-85C5-452F-A1C1-7FCE9F9F8B1F}"
EndProject
Project("{FAE04EC0-301F-11D3-BF4B-00C04F79EFBC}") = "ObjectBuilder", "Source\ObjectBuilder\ObjectBuilder.csproj", "{2AE49F19-392B-4C50-A13C-F49B2579849D}"
EndProject
Project("{FAE04EC0-301F-11D3-BF4B-00C04F79EFBC}") = "CompositeUI", "Source\CompositeUI\CompositeUI.csproj", "{C478E40B-A05E-4C69-9AB3-7A3BB374243F}"
EndProject
Project("{FAE04EC0-301F-11D3-BF4B-00C04F79EFBC}") = "CompositeUI.WinForms", "Source\CompositeUI.WinForms\CompositeUI.WinForms.csproj", "{073BCD60-F2FB-4DB9-92FB-403C8F9E8DD0}"
EndProject
Global
	GlobalSection(SolutionConfigurationPlatforms) = preSolution
		Debug|Any CPU = Debug|Any CPU
		Release|Any CPU = Release|Any CPU
	EndGlobalSection
	GlobalSection(ProjectConfigurationPlatforms) = postSolution
		{D74D48F9-85C5-452F-A1C1-7FCE9F9F8B1F}.Debug|Any CPU.ActiveCfg = Debug|Any CPU
		{D74D48F9-85C5-452F-A1C1-7FCE9F9F8B1F}.Debug|Any CPU.Build.0 = Debug|Any CPU
		{D74D48F9-85C5-452F-A1C1-7FCE9F9F8B1F}.Release|Any CPU.ActiveCfg = Release|Any CPU
		{D74D48F9-85C5-452F-A1C1-7FCE9F9F8B1F}.Release|Any CPU.Build.0 = Release|Any CPU
		{2AE49F19-392B-4C50-A13C-F49B2579849D}.Debug|Any CPU.ActiveCfg = Debug|Any CPU
		{2AE49F19-392B-4C50-A13C-F49B2579849D}.Debug|Any CPU.Build.0 = Debug|Any CPU
		{2AE49F19-392B-4C50-A13C-F49B2579849D}.Release|Any CPU.ActiveCfg = Release|Any CPU
		{2AE49F19-392B-4C50-A13C-F49B2579849D}.Release|Any CPU.Build.0 = Release|Any CPU
		{C478E40B-A05E-4C69-9AB3-7A3BB374243F}.Debug|Any CPU.ActiveCfg = Debug|Any CPU
		{C478E40B-A05E-4C69-9AB3-7A3BB374243F}.Debug|Any CPU.Build.0 = Debug|Any CPU
		{C478E40B-A05E-4C69-9AB3-7A3BB374243F}.Release|Any CPU.ActiveCfg = Release|Any CPU
		{C478E40B-A05E-4C69-9AB3-7A3BB374243F}.Release|Any CPU.Build.0 = Release|Any CPU
		{073BCD60-F2FB-4DB9-92FB-403C8F9E8DD0}.Debug|Any CPU.ActiveCfg = Debug|Any CPU
		{073BCD60-F2FB-4DB9-92FB-403C8F9E8DD0}.Debug|Any CPU.Build.0 = Debug|Any CPU
		{073BCD60-F2FB-4DB9-92FB-403C8F9E8DD0}.Release|Any CPU.ActiveCfg = Release|Any CPU
		{073BCD60-F2FB-4DB9-92FB-403C8F9E8DD0}.Release|Any CPU.Build.0 = Release|Any CPU
	EndGlobalSection
	GlobalSection(SolutionProperties) = preSolution
		HideSolutionNode = FALSE
	EndGlobalSection
	GlobalSection(NestedProjects) = preSolution
		{2AE49F19-392B-4C50-A13C-F49B2579849D} = {69E7C2B6-6116-403D-BBBC-647DDB881149}
		{C478E40B-A05E-4C69-9AB3-7A3BB374243F} = {69E7C2B6-6116-403D-BBBC-647DDB881149}
		{073BCD60-F2FB-4DB9-92FB-403C8F9E8DD0} = {69E7C2B6-6116-403D-BBBC-647DDB881149}
	EndGlobalSection
	GlobalSection(ExtensibilityGlobals) = postSolution
		SolutionGuid = {E1064850-08E6-46DA-BE27-4777680F8FF3}
	EndGlobalSection
EndGlobal
