
Microsoft Visual Studio Solution File, Format Version 9.00
# Visual Studio 2005
Project("{2150E333-8FDC-42A3-9474-1A3956D46DE8}") = "CAB", "CAB", "{EF2C10DB-11BF-43C5-8B18-8479B11C6152}"
EndProject
Project("FAE04EC0-301F-11D3-BF4B-00C04F79EFBC") = "SmartPartQuickStart", "QuickStarts\SmartPart\SmartPartQuickStart\SmartPartQuickStart.csproj", "{45AAAC79-E7DF-492C-A5DE-9C2BC6016FCD}"
EndProject
Project("FAE04EC0-301F-11D3-BF4B-00C04F79EFBC") = "ObjectBuilder", "Source\ObjectBuilder\ObjectBuilder.csproj", "{2AE49F19-392B-4C50-A13C-F49B2579849D}"
EndProject
Project("FAE04EC0-301F-11D3-BF4B-00C04F79EFBC") = "CompositeUI", "Source\CompositeUI\CompositeUI.csproj", "{C478E40B-A05E-4C69-9AB3-7A3BB374243F}"
EndProject
Project("FAE04EC0-301F-11D3-BF4B-00C04F79EFBC") = "CompositeUI.WinForms", "Source\CompositeUI.WinForms\CompositeUI.WinForms.csproj", "{073BCD60-F2FB-4DB9-92FB-403C8F9E8DD0}"
EndProject
Global
	GlobalSection(SolutionConfigurationPlatforms) = preSolution
		Debug|Any CPU = Debug|Any CPU
		Release|Any CPU = Release|Any CPU
	EndGlobalSection
	GlobalSection(ProjectConfigurationPlatforms) = postSolution
		{45AAAC79-E7DF-492C-A5DE-9C2BC6016FCD}.Debug|Any CPU.ActiveCfg = Debug|Any CPU
		{45AAAC79-E7DF-492C-A5DE-9C2BC6016FCD}.Debug|Any CPU.Build.0 = Debug|Any CPU
		{45AAAC79-E7DF-492C-A5DE-9C2BC6016FCD}.Release|Any CPU.ActiveCfg = Release|Any CPU
		{45AAAC79-E7DF-492C-A5DE-9C2BC6016FCD}.Release|Any CPU.Build.0 = Release|Any CPU
		{2AE49F19-392B-4C50-A13C-F49B2579849D}.Debug|Any CPU.ActiveCfg = Debug|Any CPU
		{2AE49F19-392B-4C50-A13C-F49B2579849D}.Debug|Any CPU.Build.0 = Debug|Any CPU
		{2AE49F19-392B-4C50-A13C-F49B2579849D}.Release|Any CPU.ActiveCfg = Release|Any CPU
		{2AE49F19-392B-4C50-A13C-F49B2579849D}.Release|Any CPU.Build.0 = Release|Any CPU
		{C478E40B-A05E-4C69-9AB3-7A3BB374243F}.Debug|Any CPU.ActiveCfg = Debug|Any CPU
		{C478E40B-A05E-4C69-9AB3-7A3BB374243F}.Debug|Any CPU.Build.0 = Debug|Any CPU
		{C478E40B-A05E-4C69-9AB3-7A3BB374243F}.Release|Any CPU.ActiveCfg = Release|Any CPU
		{C478E40B-A05E-4C69-9AB3-7A3BB374243F}.Release|Any CPU.Build.0 = Release|Any CPU
		{073BCD60-F2FB-4DB9-92FB-403C8F9E8DD0}.Debug|Any CPU.ActiveCfg = Debug|Any CPU
		{073BCD60-F2FB-4DB9-92FB-403C8F9E8DD0}.Debug|Any CPU.Build.0 = Debug|Any CPU
		{073BCD60-F2FB-4DB9-92FB-403C8F9E8DD0}.Release|Any CPU.ActiveCfg = Release|Any CPU
		{073BCD60-F2FB-4DB9-92FB-403C8F9E8DD0}.Release|Any CPU.Build.0 = Release|Any CPU
	EndGlobalSection
	GlobalSection(SolutionProperties) = preSolution
		HideSolutionNode = FALSE
	EndGlobalSection
	GlobalSection(NestedProjects) = preSolution
		{2AE49F19-392B-4C50-A13C-F49B2579849D} = {EF2C10DB-11BF-43C5-8B18-8479B11C6152}
		{C478E40B-A05E-4C69-9AB3-7A3BB374243F} = {EF2C10DB-11BF-43C5-8B18-8479B11C6152}
		{073BCD60-F2FB-4DB9-92FB-403C8F9E8DD0} = {EF2C10DB-11BF-43C5-8B18-8479B11C6152}
	EndGlobalSection
EndGlobal
